<?xml version="1.0" encoding="utf-8"?>
<Project ToolsVersion="4.0" xmlns="http://schemas.microsoft.com/developer/msbuild/2003">
  <ItemGroup>
    <Filter Include="소스 파일">
      <UniqueIdentifier>{4FC737F1-C7A5-4376-A066-2A32D752A2FF}</UniqueIdentifier>
      <Extensions>cpp;c;cc;cxx;def;odl;idl;hpj;bat;asm;asmx</Extensions>
    </Filter>
    <Filter Include="헤더 파일">
      <UniqueIdentifier>{93995380-89BD-4b04-88EB-625FBE52EBFB}</UniqueIdentifier>
      <Extensions>h;hh;hpp;hxx;hm;inl;inc;ipp;xsd</Extensions>
    </Filter>
    <Filter Include="리소스 파일">
      <UniqueIdentifier>{67DA6AB6-F800-4c08-8B7A-83BB121AAD01}</UniqueIdentifier>
      <Extensions>rc;ico;cur;bmp;dlg;rc2;rct;bin;rgs;gif;jpg;jpeg;jpe;resx;tiff;tif;png;wav;mfcribbon-ms</Extensions>
    </Filter>
    <Filter Include="소스 파일\Room">
      <UniqueIdentifier>{ecf7fe6e-2945-403e-82a5-a845b51600a4}</UniqueIdentifier>
    </Filter>
    <Filter Include="소스 파일\Util">
      <UniqueIdentifier>{11d83dac-1cd3-44b8-94f2-2fbb52837da7}</UniqueIdentifier>
    </Filter>
    <Filter Include="헤더 파일\Util">
      <UniqueIdentifier>{8908dbe3-9784-4499-b04f-5ef6e19dbc2d}</UniqueIdentifier>
    </Filter>
    <Filter Include="헤더 파일\Room">
      <UniqueIdentifier>{4b0d6398-0fb8-4331-aa19-55e97f3371b3}</UniqueIdentifier>
    </Filter>
    <Filter Include="소스 파일\Render">
      <UniqueIdentifier>{07e139db-7e9b-440f-8a48-bc512fb86903}</UniqueIdentifier>
    </Filter>
    <Filter Include="헤더 파일\Render">
      <UniqueIdentifier>{5e28a01c-f03a-4be0-aec6-a57b16f8bd31}</UniqueIdentifier>
    </Filter>
    <Filter Include="소스 파일\Testing">
      <UniqueIdentifier>{fe7d2f1b-0753-4a46-b2ac-0b4045b121c7}</UniqueIdentifier>
    </Filter>
    <Filter Include="헤더 파일\Mob">
      <UniqueIdentifier>{f2d51705-41ec-4bb3-8852-a1846e38cadf}</UniqueIdentifier>
    </Filter>
    <Filter Include="소스 파일\Mob">
      <UniqueIdentifier>{71025596-69e7-491b-83ec-ccdd38f5398f}</UniqueIdentifier>
    </Filter>
    <Filter Include="헤더 파일\Player">
      <UniqueIdentifier>{c8e4391f-3f5a-4231-8ef3-69a101b18f19}</UniqueIdentifier>
    </Filter>
    <Filter Include="소스 파일\Player">
      <UniqueIdentifier>{3e06a448-84de-4a79-a805-cc1f3a8bb6a9}</UniqueIdentifier>
    </Filter>
    <Filter Include="헤더 파일\Item">
      <UniqueIdentifier>{2939ae8f-acf3-4226-9b1c-50e36e9a19cc}</UniqueIdentifier>
    </Filter>
  </ItemGroup>
  <ItemGroup>
    <ClCompile Include="main.c">
      <Filter>소스 파일</Filter>
    </ClCompile>
    <ClCompile Include="room.c">
      <Filter>소스 파일\Room</Filter>
    </ClCompile>
    <ClCompile Include="arraylist.c">
      <Filter>소스 파일\Util</Filter>
    </ClCompile>
    <ClCompile Include="InputHandler.c">
      <Filter>소스 파일\Util</Filter>
    </ClCompile>
    <ClCompile Include="pathfinding.c">
      <Filter>소스 파일\Util</Filter>
    </ClCompile>
    <ClCompile Include="roomarraylist.c">
      <Filter>소스 파일\Util</Filter>
    </ClCompile>
    <ClCompile Include="pointarraylist.c">
      <Filter>소스 파일\Util</Filter>
    </ClCompile>
    <ClCompile Include="map.c">
      <Filter>소스 파일\Room</Filter>
    </ClCompile>
    <ClCompile Include="lighting.c">
      <Filter>소스 파일\Render</Filter>
    </ClCompile>
    <ClCompile Include="Graph.c">
      <Filter>소스 파일\Testing</Filter>
    </ClCompile>
    <ClCompile Include="MobAI.c">
      <Filter>소스 파일\Mob</Filter>
    </ClCompile>
    <ClCompile Include="MobList.c">
      <Filter>소스 파일\Mob</Filter>
    </ClCompile>
    <ClCompile Include="render.c">
      <Filter>소스 파일\Render</Filter>
    </ClCompile>
    <ClCompile Include="Player.c">
      <Filter>소스 파일\Player</Filter>
    </ClCompile>
    <ClCompile Include="Logger.c">
      <Filter>소스 파일\Render</Filter>
    </ClCompile>
    <ClCompile Include="LogArrayList.c">
      <Filter>소스 파일\Util</Filter>
    </ClCompile>
  </ItemGroup>
  <ItemGroup>
    <ClInclude Include="struct.h">
      <Filter>헤더 파일</Filter>
    </ClInclude>
    <ClInclude Include="GlobalVariable.h">
      <Filter>헤더 파일</Filter>
    </ClInclude>
    <ClInclude Include="arraylist.h">
      <Filter>헤더 파일\Util</Filter>
    </ClInclude>
    <ClInclude Include="InputHandler.h">
      <Filter>헤더 파일\Util</Filter>
    </ClInclude>
    <ClInclude Include="map.h">
      <Filter>헤더 파일\Room</Filter>
    </ClInclude>
    <ClInclude Include="pathfining.h">
      <Filter>헤더 파일\Util</Filter>
    </ClInclude>
    <ClInclude Include="pointarraylist.h">
      <Filter>헤더 파일\Util</Filter>
    </ClInclude>
    <ClInclude Include="room.h">
      <Filter>헤더 파일\Room</Filter>
    </ClInclude>
    <ClInclude Include="roomarraylist.h">
      <Filter>헤더 파일\Room</Filter>
    </ClInclude>
    <ClInclude Include="render.h">
      <Filter>헤더 파일\Render</Filter>
    </ClInclude>
    <ClInclude Include="lighting.h">
      <Filter>헤더 파일\Render</Filter>
    </ClInclude>
    <ClInclude Include="MobList.h">
      <Filter>헤더 파일\Mob</Filter>
    </ClInclude>
    <ClInclude Include="MobAI.h">
      <Filter>헤더 파일\Mob</Filter>
    </ClInclude>
    <ClInclude Include="Player.h">
      <Filter>헤더 파일\Player</Filter>
    </ClInclude>
    <ClInclude Include="Item.h">
      <Filter>헤더 파일\Item</Filter>
    </ClInclude>
    <ClInclude Include="Logger.h">
      <Filter>헤더 파일\Render</Filter>
    </ClInclude>
    <ClInclude Include="LogArrayList.h">
      <Filter>헤더 파일\Util</Filter>
    </ClInclude>
  </ItemGroup>
</Project>